<?xml version="1.0" encoding="utf-8"?>
<Project ToolsVersion="4.0" xmlns="http://schemas.microsoft.com/developer/msbuild/2003">
  <ItemGroup>
    <Filter Include="源文件">
      <UniqueIdentifier>{4FC737F1-C7A5-4376-A066-2A32D752A2FF}</UniqueIdentifier>
      <Extensions>cpp;c;cc;cxx;c++;cppm;ixx;def;odl;idl;hpj;bat;asm;asmx</Extensions>
    </Filter>
    <Filter Include="头文件">
      <UniqueIdentifier>{93995380-89BD-4b04-88EB-625FBE52EBFB}</UniqueIdentifier>
      <Extensions>h;hh;hpp;hxx;h++;hm;inl;inc;ipp;xsd</Extensions>
    </Filter>
    <Filter Include="资源文件">
      <UniqueIdentifier>{67DA6AB6-F800-4c08-8B7A-83BB121AAD01}</UniqueIdentifier>
      <Extensions>rc;ico;cur;bmp;dlg;rc2;rct;bin;rgs;gif;jpg;jpeg;jpe;resx;tiff;tif;png;wav;mfcribbon-ms</Extensions>
    </Filter>
  </ItemGroup>
  <ItemGroup>
    <None Include="CODE_OF_CONDUCT.md" />
    <None Include="LICENSE" />
    <None Include="README.md" />
    <None Include="Dependencies\GLEW\doc\advanced.html" />
    <None Include="Dependencies\GLEW\doc\basic.html" />
    <None Include="Dependencies\GLEW\doc\build.html" />
    <None Include="Dependencies\GLEW\doc\credits.html" />
    <None Include="Dependencies\GLEW\doc\glew.html" />
    <None Include="Dependencies\GLEW\doc\glxew.html" />
    <None Include="Dependencies\GLEW\doc\index.html" />
    <None Include="Dependencies\GLEW\doc\install.html" />
    <None Include="Dependencies\GLEW\doc\log.html" />
    <None Include="Dependencies\GLEW\doc\wglew.html" />
  </ItemGroup>
  <ItemGroup>
    <ClInclude Include="Dependencies\GLEW\include\GL\eglew.h">
      <Filter>头文件</Filter>
    </ClInclude>
    <ClInclude Include="Dependencies\GLEW\include\GL\glew.h">
      <Filter>头文件</Filter>
    </ClInclude>
    <ClInclude Include="Dependencies\GLEW\include\GL\glxew.h">
      <Filter>头文件</Filter>
    </ClInclude>
    <ClInclude Include="Dependencies\GLEW\include\GL\wglew.h">
      <Filter>头文件</Filter>
    </ClInclude>
    <ClInclude Include="Dependencies\GLFW\include\GLFW\glfw3.h">
      <Filter>头文件</Filter>
    </ClInclude>
    <ClInclude Include="Dependencies\GLFW\include\GLFW\glfw3native.h">
      <Filter>头文件</Filter>
    </ClInclude>
  </ItemGroup>
  <ItemGroup>
    <ClCompile Include="src\Application.cpp">
      <Filter>源文件</Filter>
    </ClCompile>
  </ItemGroup>
</Project>